{
  "name": "grunt-task-hooker",
  "version": "0.1.0",
  "lockfileVersion": 1,
  "requires": true,
  "dependencies": {
    "exit": {
      "version": "0.1.2",
      "resolved": "http://registry.npm.taobao.org/exit/download/exit-0.1.2.tgz",
      "integrity": "sha1-BjJjj42HfMghB9MKD/8aF8uhzQw="
    }
  }
}
